// !$*UTF8*$!
{
	archiveVersion = 1;
	classes = {
	};
	objectVersion = 56;
	objects = {

/* Begin PBXBuildFile section */
		D16D8CAF2C58C84300AF7677 /* AppDelegate.swift in Sources */ = {isa = PBXBuildFile; fileRef = D16D8CAE2C58C84300AF7677 /* AppDelegate.swift */; };
		D16D8CB12C58C84300AF7677 /* SceneDelegate.swift in Sources */ = {isa = PBXBuildFile; fileRef = D16D8CB02C58C84300AF7677 /* SceneDelegate.swift */; };
		D16D8CB32C58C84300AF7677 /* PickerViewController.swift in Sources */ = {isa = PBXBuildFile; fileRef = D16D8CB22C58C84300AF7677 /* PickerViewController.swift */; };
		D16D8CB62C58C84300AF7677 /* Base in Resources */ = {isa = PBXBuildFile; fileRef = D16D8CB52C58C84300AF7677 /* Base */; };
		D16D8CB82C58C84400AF7677 /* Assets.xcassets in Resources */ = {isa = PBXBuildFile; fileRef = D16D8CB72C58C84400AF7677 /* Assets.xcassets */; };
		D16D8CBB2C58C84400AF7677 /* Base in Resources */ = {isa = PBXBuildFile; fileRef = D16D8CBA2C58C84400AF7677 /* Base */; };
		D16D8CC42C58C96100AF7677 /* SnapKit in Frameworks */ = {isa = PBXBuildFile; productRef = D16D8CC32C58C96100AF7677 /* SnapKit */; };
		D16D8CC72C58C97000AF7677 /* RxCocoa in Frameworks */ = {isa = PBXBuildFile; productRef = D16D8CC62C58C97000AF7677 /* RxCocoa */; };
		D16D8CC92C58C97000AF7677 /* RxSwift in Frameworks */ = {isa = PBXBuildFile; productRef = D16D8CC82C58C97000AF7677 /* RxSwift */; };
		D16D8CCD2C58CFB400AF7677 /* BaseViewController.swift in Sources */ = {isa = PBXBuildFile; fileRef = D16D8CCC2C58CFB400AF7677 /* BaseViewController.swift */; };
		D16D8CCF2C58D05300AF7677 /* TableViewController.swift in Sources */ = {isa = PBXBuildFile; fileRef = D16D8CCE2C58D05300AF7677 /* TableViewController.swift */; };
		D16D8CD12C58D2C000AF7677 /* SwitchViewController.swift in Sources */ = {isa = PBXBuildFile; fileRef = D16D8CD02C58D2C000AF7677 /* SwitchViewController.swift */; };
		D16D8CD32C58D4F500AF7677 /* TextFieldButtonViewController.swift in Sources */ = {isa = PBXBuildFile; fileRef = D16D8CD22C58D4F500AF7677 /* TextFieldButtonViewController.swift */; };
		D16D8CD52C58DB5900AF7677 /* SimpleTableViewExampleViewController.swift in Sources */ = {isa = PBXBuildFile; fileRef = D16D8CD42C58DB5900AF7677 /* SimpleTableViewExampleViewController.swift */; };
		D16D8CD82C58E2A900AF7677 /* SimplePickerViewExampleViewController.swift in Sources */ = {isa = PBXBuildFile; fileRef = D16D8CD72C58E2A900AF7677 /* SimplePickerViewExampleViewController.swift */; };
		D16D8CDA2C59170100AF7677 /* NumbersViewController.swift in Sources */ = {isa = PBXBuildFile; fileRef = D16D8CD92C59170100AF7677 /* NumbersViewController.swift */; };
/* End PBXBuildFile section */

/* Begin PBXFileReference section */
		D16D8CAB2C58C84300AF7677 /* RxSwiftPractice.app */ = {isa = PBXFileReference; explicitFileType = wrapper.application; includeInIndex = 0; path = RxSwiftPractice.app; sourceTree = BUILT_PRODUCTS_DIR; };
		D16D8CAE2C58C84300AF7677 /* AppDelegate.swift */ = {isa = PBXFileReference; lastKnownFileType = sourcecode.swift; path = AppDelegate.swift; sourceTree = "<group>"; };
		D16D8CB02C58C84300AF7677 /* SceneDelegate.swift */ = {isa = PBXFileReference; lastKnownFileType = sourcecode.swift; path = SceneDelegate.swift; sourceTree = "<group>"; };
		D16D8CB22C58C84300AF7677 /* PickerViewController.swift */ = {isa = PBXFileReference; lastKnownFileType = sourcecode.swift; path = PickerViewController.swift; sourceTree = "<group>"; };
		D16D8CB52C58C84300AF7677 /* Base */ = {isa = PBXFileReference; lastKnownFileType = file.storyboard; name = Base; path = Base.lproj/Main.storyboard; sourceTree = "<group>"; };
		D16D8CB72C58C84400AF7677 /* Assets.xcassets */ = {isa = PBXFileReference; lastKnownFileType = folder.assetcatalog; path = Assets.xcassets; sourceTree = "<group>"; };
		D16D8CBA2C58C84400AF7677 /* Base */ = {isa = PBXFileReference; lastKnownFileType = file.storyboard; name = Base; path = Base.lproj/LaunchScreen.storyboard; sourceTree = "<group>"; };
		D16D8CBC2C58C84400AF7677 /* Info.plist */ = {isa = PBXFileReference; lastKnownFileType = text.plist.xml; path = Info.plist; sourceTree = "<group>"; };
		D16D8CCC2C58CFB400AF7677 /* BaseViewController.swift */ = {isa = PBXFileReference; lastKnownFileType = sourcecode.swift; path = BaseViewController.swift; sourceTree = "<group>"; };
		D16D8CCE2C58D05300AF7677 /* TableViewController.swift */ = {isa = PBXFileReference; lastKnownFileType = sourcecode.swift; path = TableViewController.swift; sourceTree = "<group>"; };
		D16D8CD02C58D2C000AF7677 /* SwitchViewController.swift */ = {isa = PBXFileReference; lastKnownFileType = sourcecode.swift; path = SwitchViewController.swift; sourceTree = "<group>"; };
		D16D8CD22C58D4F500AF7677 /* TextFieldButtonViewController.swift */ = {isa = PBXFileReference; lastKnownFileType = sourcecode.swift; path = TextFieldButtonViewController.swift; sourceTree = "<group>"; };
		D16D8CD42C58DB5900AF7677 /* SimpleTableViewExampleViewController.swift */ = {isa = PBXFileReference; lastKnownFileType = sourcecode.swift; path = SimpleTableViewExampleViewController.swift; sourceTree = "<group>"; };
		D16D8CD72C58E2A900AF7677 /* SimplePickerViewExampleViewController.swift */ = {isa = PBXFileReference; lastKnownFileType = sourcecode.swift; path = SimplePickerViewExampleViewController.swift; sourceTree = "<group>"; };
		D16D8CD92C59170100AF7677 /* NumbersViewController.swift */ = {isa = PBXFileReference; lastKnownFileType = sourcecode.swift; path = NumbersViewController.swift; sourceTree = "<group>"; };
/* End PBXFileReference section */

/* Begin PBXFrameworksBuildPhase section */
		D16D8CA82C58C84300AF7677 /* Frameworks */ = {
			isa = PBXFrameworksBuildPhase;
			buildActionMask = 2147483647;
			files = (
				D16D8CC92C58C97000AF7677 /* RxSwift in Frameworks */,
				D16D8CC72C58C97000AF7677 /* RxCocoa in Frameworks */,
				D16D8CC42C58C96100AF7677 /* SnapKit in Frameworks */,
			);
			runOnlyForDeploymentPostprocessing = 0;
		};
/* End PBXFrameworksBuildPhase section */

/* Begin PBXGroup section */
		D16D8CA22C58C84300AF7677 = {
			isa = PBXGroup;
			children = (
				D16D8CAD2C58C84300AF7677 /* RxSwiftPractice */,
				D16D8CAC2C58C84300AF7677 /* Products */,
			);
			sourceTree = "<group>";
		};
		D16D8CAC2C58C84300AF7677 /* Products */ = {
			isa = PBXGroup;
			children = (
				D16D8CAB2C58C84300AF7677 /* RxSwiftPractice.app */,
			);
			name = Products;
			sourceTree = "<group>";
		};
		D16D8CAD2C58C84300AF7677 /* RxSwiftPractice */ = {
			isa = PBXGroup;
			children = (
				D16D8CAE2C58C84300AF7677 /* AppDelegate.swift */,
				D16D8CB02C58C84300AF7677 /* SceneDelegate.swift */,
				D16D8CB22C58C84300AF7677 /* PickerViewController.swift */,
				D16D8CCE2C58D05300AF7677 /* TableViewController.swift */,
				D16D8CD02C58D2C000AF7677 /* SwitchViewController.swift */,
				D16D8CD22C58D4F500AF7677 /* TextFieldButtonViewController.swift */,
				D16D8CD42C58DB5900AF7677 /* SimpleTableViewExampleViewController.swift */,
				D16D8CD72C58E2A900AF7677 /* SimplePickerViewExampleViewController.swift */,
				D16D8CD92C59170100AF7677 /* NumbersViewController.swift */,
				D16D8CCC2C58CFB400AF7677 /* BaseViewController.swift */,
				D16D8CB42C58C84300AF7677 /* Main.storyboard */,
				D16D8CB72C58C84400AF7677 /* Assets.xcassets */,
				D16D8CB92C58C84400AF7677 /* LaunchScreen.storyboard */,
				D16D8CBC2C58C84400AF7677 /* Info.plist */,
			);
			path = RxSwiftPractice;
			sourceTree = "<group>";
		};
/* End PBXGroup section */

/* Begin PBXNativeTarget section */
		D16D8CAA2C58C84300AF7677 /* RxSwiftPractice */ = {
			isa = PBXNativeTarget;
			buildConfigurationList = D16D8CBF2C58C84400AF7677 /* Build configuration list for PBXNativeTarget "RxSwiftPractice" */;
			buildPhases = (
				D16D8CA72C58C84300AF7677 /* Sources */,
				D16D8CA82C58C84300AF7677 /* Frameworks */,
				D16D8CA92C58C84300AF7677 /* Resources */,
			);
			buildRules = (
			);
			dependencies = (
			);
			name = RxSwiftPractice;
			packageProductDependencies = (
				D16D8CC32C58C96100AF7677 /* SnapKit */,
				D16D8CC62C58C97000AF7677 /* RxCocoa */,
				D16D8CC82C58C97000AF7677 /* RxSwift */,
			);
			productName = RxSwiftPractice;
			productReference = D16D8CAB2C58C84300AF7677 /* RxSwiftPractice.app */;
			productType = "com.apple.product-type.application";
		};
/* End PBXNativeTarget section */

/* Begin PBXProject section */
		D16D8CA32C58C84300AF7677 /* Project object */ = {
			isa = PBXProject;
			attributes = {
				BuildIndependentTargetsInParallel = 1;
				LastSwiftUpdateCheck = 1540;
				LastUpgradeCheck = 1540;
				TargetAttributes = {
					D16D8CAA2C58C84300AF7677 = {
						CreatedOnToolsVersion = 15.4;
					};
				};
			};
			buildConfigurationList = D16D8CA62C58C84300AF7677 /* Build configuration list for PBXProject "RxSwiftPractice" */;
			compatibilityVersion = "Xcode 14.0";
			developmentRegion = en;
			hasScannedForEncodings = 0;
			knownRegions = (
				en,
				Base,
			);
			mainGroup = D16D8CA22C58C84300AF7677;
			packageReferences = (
				D16D8CC22C58C96100AF7677 /* XCRemoteSwiftPackageReference "SnapKit" */,
				D16D8CC52C58C97000AF7677 /* XCRemoteSwiftPackageReference "RxSwift" */,
			);
			productRefGroup = D16D8CAC2C58C84300AF7677 /* Products */;
			projectDirPath = "";
			projectRoot = "";
			targets = (
				D16D8CAA2C58C84300AF7677 /* RxSwiftPractice */,
			);
		};
/* End PBXProject section */

/* Begin PBXResourcesBuildPhase section */
		D16D8CA92C58C84300AF7677 /* Resources */ = {
			isa = PBXResourcesBuildPhase;
			buildActionMask = 2147483647;
			files = (
				D16D8CB82C58C84400AF7677 /* Assets.xcassets in Resources */,
				D16D8CBB2C58C84400AF7677 /* Base in Resources */,
				D16D8CB62C58C84300AF7677 /* Base in Resources */,
			);
			runOnlyForDeploymentPostprocessing = 0;
		};
/* End PBXResourcesBuildPhase section */

/* Begin PBXSourcesBuildPhase section */
		D16D8CA72C58C84300AF7677 /* Sources */ = {
			isa = PBXSourcesBuildPhase;
			buildActionMask = 2147483647;
			files = (
				D16D8CCD2C58CFB400AF7677 /* BaseViewController.swift in Sources */,
				D16D8CDA2C59170100AF7677 /* NumbersViewController.swift in Sources */,
				D16D8CCF2C58D05300AF7677 /* TableViewController.swift in Sources */,
				D16D8CD82C58E2A900AF7677 /* SimplePickerViewExampleViewController.swift in Sources */,
				D16D8CB32C58C84300AF7677 /* PickerViewController.swift in Sources */,
				D16D8CAF2C58C84300AF7677 /* AppDelegate.swift in Sources */,
				D16D8CD52C58DB5900AF7677 /* SimpleTableViewExampleViewController.swift in Sources */,
				D16D8CB12C58C84300AF7677 /* SceneDelegate.swift in Sources */,
				D16D8CD32C58D4F500AF7677 /* TextFieldButtonViewController.swift in Sources */,
				D16D8CD12C58D2C000AF7677 /* SwitchViewController.swift in Sources */,
			);
			runOnlyForDeploymentPostprocessing = 0;
		};
/* End PBXSourcesBuildPhase section */

/* Begin PBXVariantGroup section */
		D16D8CB42C58C84300AF7677 /* Main.storyboard */ = {
			isa = PBXVariantGroup;
			children = (
				D16D8CB52C58C84300AF7677 /* Base */,
			);
			name = Main.storyboard;
			sourceTree = "<group>";
		};
		D16D8CB92C58C84400AF7677 /* LaunchScreen.storyboard */ = {
			isa = PBXVariantGroup;
			children = (
				D16D8CBA2C58C84400AF7677 /* Base */,
			);
			name = LaunchScreen.storyboard;
			sourceTree = "<group>";
		};
/* End PBXVariantGroup section */

/* Begin XCBuildConfiguration section */
		D16D8CBD2C58C84400AF7677 /* Debug */ = {
			isa = XCBuildConfiguration;
			buildSettings = {
				ALWAYS_SEARCH_USER_PATHS = NO;
				ASSETCATALOG_COMPILER_GENERATE_SWIFT_ASSET_SYMBOL_EXTENSIONS = YES;
				CLANG_ANALYZER_NONNULL = YES;
				CLANG_ANALYZER_NUMBER_OBJECT_CONVERSION = YES_AGGRESSIVE;
				CLANG_CXX_LANGUAGE_STANDARD = "gnu++20";
				CLANG_ENABLE_MODULES = YES;
				CLANG_ENABLE_OBJC_ARC = YES;
				CLANG_ENABLE_OBJC_WEAK = YES;
				CLANG_WARN_BLOCK_CAPTURE_AUTORELEASING = YES;
				CLANG_WARN_BOOL_CONVERSION = YES;
				CLANG_WARN_COMMA = YES;
				CLANG_WARN_CONSTANT_CONVERSION = YES;
				CLANG_WARN_DEPRECATED_OBJC_IMPLEMENTATIONS = YES;
				CLANG_WARN_DIRECT_OBJC_ISA_USAGE = YES_ERROR;
				CLANG_WARN_DOCUMENTATION_COMMENTS = YES;
				CLANG_WARN_EMPTY_BODY = YES;
				CLANG_WARN_ENUM_CONVERSION = YES;
				CLANG_WARN_INFINITE_RECURSION = YES;
				CLANG_WARN_INT_CONVERSION = YES;
				CLANG_WARN_NON_LITERAL_NULL_CONVERSION = YES;
				CLANG_WARN_OBJC_IMPLICIT_RETAIN_SELF = YES;
				CLANG_WARN_OBJC_LITERAL_CONVERSION = YES;
				CLANG_WARN_OBJC_ROOT_CLASS = YES_ERROR;
				CLANG_WARN_QUOTED_INCLUDE_IN_FRAMEWORK_HEADER = YES;
				CLANG_WARN_RANGE_LOOP_ANALYSIS = YES;
				CLANG_WARN_STRICT_PROTOTYPES = YES;
				CLANG_WARN_SUSPICIOUS_MOVE = YES;
				CLANG_WARN_UNGUARDED_AVAILABILITY = YES_AGGRESSIVE;
				CLANG_WARN_UNREACHABLE_CODE = YES;
				CLANG_WARN__DUPLICATE_METHOD_MATCH = YES;
				COPY_PHASE_STRIP = NO;
				DEBUG_INFORMATION_FORMAT = dwarf;
				ENABLE_STRICT_OBJC_MSGSEND = YES;
				ENABLE_TESTABILITY = YES;
				ENABLE_USER_SCRIPT_SANDBOXING = YES;
				GCC_C_LANGUAGE_STANDARD = gnu17;
				GCC_DYNAMIC_NO_PIC = NO;
				GCC_NO_COMMON_BLOCKS = YES;
				GCC_OPTIMIZATION_LEVEL = 0;
				GCC_PREPROCESSOR_DEFINITIONS = (
					"DEBUG=1",
					"$(inherited)",
				);
				GCC_WARN_64_TO_32_BIT_CONVERSION = YES;
				GCC_WARN_ABOUT_RETURN_TYPE = YES_ERROR;
				GCC_WARN_UNDECLARED_SELECTOR = YES;
				GCC_WARN_UNINITIALIZED_AUTOS = YES_AGGRESSIVE;
				GCC_WARN_UNUSED_FUNCTION = YES;
				GCC_WARN_UNUSED_VARIABLE = YES;
				IPHONEOS_DEPLOYMENT_TARGET = 17.5;
				LOCALIZATION_PREFERS_STRING_CATALOGS = YES;
				MTL_ENABLE_DEBUG_INFO = INCLUDE_SOURCE;
				MTL_FAST_MATH = YES;
				ONLY_ACTIVE_ARCH = YES;
				SDKROOT = iphoneos;
				SWIFT_ACTIVE_COMPILATION_CONDITIONS = "DEBUG $(inherited)";
				SWIFT_OPTIMIZATION_LEVEL = "-Onone";
			};
			name = Debug;
		};
		D16D8CBE2C58C84400AF7677 /* Release */ = {
			isa = XCBuildConfiguration;
			buildSettings = {
				ALWAYS_SEARCH_USER_PATHS = NO;
				ASSETCATALOG_COMPILER_GENERATE_SWIFT_ASSET_SYMBOL_EXTENSIONS = YES;
				CLANG_ANALYZER_NONNULL = YES;
				CLANG_ANALYZER_NUMBER_OBJECT_CONVERSION = YES_AGGRESSIVE;
				CLANG_CXX_LANGUAGE_STANDARD = "gnu++20";
				CLANG_ENABLE_MODULES = YES;
				CLANG_ENABLE_OBJC_ARC = YES;
				CLANG_ENABLE_OBJC_WEAK = YES;
				CLANG_WARN_BLOCK_CAPTURE_AUTORELEASING = YES;
				CLANG_WARN_BOOL_CONVERSION = YES;
				CLANG_WARN_COMMA = YES;
				CLANG_WARN_CONSTANT_CONVERSION = YES;
				CLANG_WARN_DEPRECATED_OBJC_IMPLEMENTATIONS = YES;
				CLANG_WARN_DIRECT_OBJC_ISA_USAGE = YES_ERROR;
				CLANG_WARN_DOCUMENTATION_COMMENTS = YES;
				CLANG_WARN_EMPTY_BODY = YES;
				CLANG_WARN_ENUM_CONVERSION = YES;
				CLANG_WARN_INFINITE_RECURSION = YES;
				CLANG_WARN_INT_CONVERSION = YES;
				CLANG_WARN_NON_LITERAL_NULL_CONVERSION = YES;
				CLANG_WARN_OBJC_IMPLICIT_RETAIN_SELF = YES;
				CLANG_WARN_OBJC_LITERAL_CONVERSION = YES;
				CLANG_WARN_OBJC_ROOT_CLASS = YES_ERROR;
				CLANG_WARN_QUOTED_INCLUDE_IN_FRAMEWORK_HEADER = YES;
				CLANG_WARN_RANGE_LOOP_ANALYSIS = YES;
				CLANG_WARN_STRICT_PROTOTYPES = YES;
				CLANG_WARN_SUSPICIOUS_MOVE = YES;
				CLANG_WARN_UNGUARDED_AVAILABILITY = YES_AGGRESSIVE;
				CLANG_WARN_UNREACHABLE_CODE = YES;
				CLANG_WARN__DUPLICATE_METHOD_MATCH = YES;
				COPY_PHASE_STRIP = NO;
				DEBUG_INFORMATION_FORMAT = "dwarf-with-dsym";
				ENABLE_NS_ASSERTIONS = NO;
				ENABLE_STRICT_OBJC_MSGSEND = YES;
				ENABLE_USER_SCRIPT_SANDBOXING = YES;
				GCC_C_LANGUAGE_STANDARD = gnu17;
				GCC_NO_COMMON_BLOCKS = YES;
				GCC_WARN_64_TO_32_BIT_CONVERSION = YES;
				GCC_WARN_ABOUT_RETURN_TYPE = YES_ERROR;
				GCC_WARN_UNDECLARED_SELECTOR = YES;
				GCC_WARN_UNINITIALIZED_AUTOS = YES_AGGRESSIVE;
				GCC_WARN_UNUSED_FUNCTION = YES;
				GCC_WARN_UNUSED_VARIABLE = YES;
				IPHONEOS_DEPLOYMENT_TARGET = 17.5;
				LOCALIZATION_PREFERS_STRING_CATALOGS = YES;
				MTL_ENABLE_DEBUG_INFO = NO;
				MTL_FAST_MATH = YES;
				SDKROOT = iphoneos;
				SWIFT_COMPILATION_MODE = wholemodule;
				VALIDATE_PRODUCT = YES;
			};
			name = Release;
		};
		D16D8CC02C58C84400AF7677 /* Debug */ = {
			isa = XCBuildConfiguration;
			buildSettings = {
				ASSETCATALOG_COMPILER_APPICON_NAME = AppIcon;
				ASSETCATALOG_COMPILER_GLOBAL_ACCENT_COLOR_NAME = AccentColor;
				CODE_SIGN_STYLE = Automatic;
				CURRENT_PROJECT_VERSION = 1;
				GENERATE_INFOPLIST_FILE = YES;
				INFOPLIST_FILE = RxSwiftPractice/Info.plist;
				INFOPLIST_KEY_UIApplicationSupportsIndirectInputEvents = YES;
				INFOPLIST_KEY_UILaunchStoryboardName = LaunchScreen;
				INFOPLIST_KEY_UIMainStoryboardFile = Main;
				INFOPLIST_KEY_UISupportedInterfaceOrientations = UIInterfaceOrientationPortrait;
				INFOPLIST_KEY_UISupportedInterfaceOrientations_iPad = "UIInterfaceOrientationLandscapeLeft UIInterfaceOrientationLandscapeRight UIInterfaceOrientationPortrait UIInterfaceOrientationPortraitUpsideDown";
				LD_RUNPATH_SEARCH_PATHS = (
					"$(inherited)",
					"@executable_path/Frameworks",
				);
				MARKETING_VERSION = 1.0;
				PRODUCT_BUNDLE_IDENTIFIER = Jo.RxSwiftPractice;
				PRODUCT_NAME = "$(TARGET_NAME)";
				SUPPORTED_PLATFORMS = "iphoneos iphonesimulator";
				SUPPORTS_MACCATALYST = NO;
				SUPPORTS_MAC_DESIGNED_FOR_IPHONE_IPAD = NO;
				SUPPORTS_XR_DESIGNED_FOR_IPHONE_IPAD = NO;
				SWIFT_EMIT_LOC_STRINGS = YES;
				SWIFT_VERSION = 5.0;
				TARGETED_DEVICE_FAMILY = 1;
			};
			name = Debug;
		};
		D16D8CC12C58C84400AF7677 /* Release */ = {
			isa = XCBuildConfiguration;
			buildSettings = {
				ASSETCATALOG_COMPILER_APPICON_NAME = AppIcon;
				ASSETCATALOG_COMPILER_GLOBAL_ACCENT_COLOR_NAME = AccentColor;
				CODE_SIGN_STYLE = Automatic;
				CURRENT_PROJECT_VERSION = 1;
				GENERATE_INFOPLIST_FILE = YES;
				INFOPLIST_FILE = RxSwiftPractice/Info.plist;
				INFOPLIST_KEY_UIApplicationSupportsIndirectInputEvents = YES;
				INFOPLIST_KEY_UILaunchStoryboardName = LaunchScreen;
				INFOPLIST_KEY_UIMainStoryboardFile = Main;
				INFOPLIST_KEY_UISupportedInterfaceOrientations = UIInterfaceOrientationPortrait;
				INFOPLIST_KEY_UISupportedInterfaceOrientations_iPad = "UIInterfaceOrientationLandscapeLeft UIInterfaceOrientationLandscapeRight UIInterfaceOrientationPortrait UIInterfaceOrientationPortraitUpsideDown";
				LD_RUNPATH_SEARCH_PATHS = (
					"$(inherited)",
					"@executable_path/Frameworks",
				);
				MARKETING_VERSION = 1.0;
				PRODUCT_BUNDLE_IDENTIFIER = Jo.RxSwiftPractice;
				PRODUCT_NAME = "$(TARGET_NAME)";
				SUPPORTED_PLATFORMS = "iphoneos iphonesimulator";
				SUPPORTS_MACCATALYST = NO;
				SUPPORTS_MAC_DESIGNED_FOR_IPHONE_IPAD = NO;
				SUPPORTS_XR_DESIGNED_FOR_IPHONE_IPAD = NO;
				SWIFT_EMIT_LOC_STRINGS = YES;
				SWIFT_VERSION = 5.0;
				TARGETED_DEVICE_FAMILY = 1;
			};
			name = Release;
		};
/* End XCBuildConfiguration section */

/* Begin XCConfigurationList section */
		D16D8CA62C58C84300AF7677 /* Build configuration list for PBXProject "RxSwiftPractice" */ = {
			isa = XCConfigurationList;
			buildConfigurations = (
				D16D8CBD2C58C84400AF7677 /* Debug */,
				D16D8CBE2C58C84400AF7677 /* Release */,
			);
			defaultConfigurationIsVisible = 0;
			defaultConfigurationName = Release;
		};
		D16D8CBF2C58C84400AF7677 /* Build configuration list for PBXNativeTarget "RxSwiftPractice" */ = {
			isa = XCConfigurationList;
			buildConfigurations = (
				D16D8CC02C58C84400AF7677 /* Debug */,
				D16D8CC12C58C84400AF7677 /* Release */,
			);
			defaultConfigurationIsVisible = 0;
			defaultConfigurationName = Release;
		};
/* End XCConfigurationList section */

/* Begin XCRemoteSwiftPackageReference section */
		D16D8CC22C58C96100AF7677 /* XCRemoteSwiftPackageReference "SnapKit" */ = {
			isa = XCRemoteSwiftPackageReference;
			repositoryURL = "https://github.com/SnapKit/SnapKit.git";
			requirement = {
				kind = upToNextMajorVersion;
				minimumVersion = 5.7.1;
			};
		};
		D16D8CC52C58C97000AF7677 /* XCRemoteSwiftPackageReference "RxSwift" */ = {
			isa = XCRemoteSwiftPackageReference;
			repositoryURL = "https://github.com/ReactiveX/RxSwift.git";
			requirement = {
				kind = upToNextMajorVersion;
				minimumVersion = 6.7.1;
			};
		};
/* End XCRemoteSwiftPackageReference section */

/* Begin XCSwiftPackageProductDependency section */
		D16D8CC32C58C96100AF7677 /* SnapKit */ = {
			isa = XCSwiftPackageProductDependency;
			package = D16D8CC22C58C96100AF7677 /* XCRemoteSwiftPackageReference "SnapKit" */;
			productName = SnapKit;
		};
		D16D8CC62C58C97000AF7677 /* RxCocoa */ = {
			isa = XCSwiftPackageProductDependency;
			package = D16D8CC52C58C97000AF7677 /* XCRemoteSwiftPackageReference "RxSwift" */;
			productName = RxCocoa;
		};
		D16D8CC82C58C97000AF7677 /* RxSwift */ = {
			isa = XCSwiftPackageProductDependency;
			package = D16D8CC52C58C97000AF7677 /* XCRemoteSwiftPackageReference "RxSwift" */;
			productName = RxSwift;
		};
/* End XCSwiftPackageProductDependency section */
	};
	rootObject = D16D8CA32C58C84300AF7677 /* Project object */;
}
